
Microsoft Visual Studio Solution File, Format Version 12.00
# Visual Studio 15
VisualStudioVersion = 15.0.27703.2047
MinimumVisualStudioVersion = 10.0.40219.1
Project("{9A19103F-16F7-4668-BE54-9A1E7A4F7556}") = "1.Akka.Net.BasicHelloWorld", "1.Akka.Net.BasicHelloWorld\1.Akka.Net.BasicHelloWorld.csproj", "{B6A1EE8C-ED89-4E45-88F3-F0A9AD7C120A}"
EndProject
Project("{9A19103F-16F7-4668-BE54-9A1E7A4F7556}") = "2.Akka.Net.AdvancedExample", "2.Akka.Net.AdvancedExample\2.Akka.Net.AdvancedExample.csproj", "{88529A4D-B442-4BA6-9A60-947C02CAE976}"
EndProject
Project("{FAE04EC0-301F-11D3-BF4B-00C04F79EFBC}") = "2.Akka.Net.AdvancedExample.SharedMessages", "2.Akka.Net.AdvancedExample.SharedMessages\2.Akka.Net.AdvancedExample.SharedMessages.csproj", "{1F2ACC73-0815-4CA2-8D29-869A7498354D}"
EndProject
Project("{FAE04EC0-301F-11D3-BF4B-00C04F79EFBC}") = "2.Akka.Net.AdvancedExample.Printer", "2.Akka.Net.AdvancedExample.Printer\2.Akka.Net.AdvancedExample.Printer.csproj", "{EFB9B7B0-3E7D-4FAA-B407-B9A900A94A83}"
EndProject
Global
	GlobalSection(SolutionConfigurationPlatforms) = preSolution
		Debug|Any CPU = Debug|Any CPU
		Release|Any CPU = Release|Any CPU
	EndGlobalSection
	GlobalSection(ProjectConfigurationPlatforms) = postSolution
		{B6A1EE8C-ED89-4E45-88F3-F0A9AD7C120A}.Debug|Any CPU.ActiveCfg = Debug|Any CPU
		{B6A1EE8C-ED89-4E45-88F3-F0A9AD7C120A}.Debug|Any CPU.Build.0 = Debug|Any CPU
		{B6A1EE8C-ED89-4E45-88F3-F0A9AD7C120A}.Release|Any CPU.ActiveCfg = Release|Any CPU
		{B6A1EE8C-ED89-4E45-88F3-F0A9AD7C120A}.Release|Any CPU.Build.0 = Release|Any CPU
		{88529A4D-B442-4BA6-9A60-947C02CAE976}.Debug|Any CPU.ActiveCfg = Debug|Any CPU
		{88529A4D-B442-4BA6-9A60-947C02CAE976}.Debug|Any CPU.Build.0 = Debug|Any CPU
		{88529A4D-B442-4BA6-9A60-947C02CAE976}.Release|Any CPU.ActiveCfg = Release|Any CPU
		{88529A4D-B442-4BA6-9A60-947C02CAE976}.Release|Any CPU.Build.0 = Release|Any CPU
		{1F2ACC73-0815-4CA2-8D29-869A7498354D}.Debug|Any CPU.ActiveCfg = Debug|Any CPU
		{1F2ACC73-0815-4CA2-8D29-869A7498354D}.Debug|Any CPU.Build.0 = Debug|Any CPU
		{1F2ACC73-0815-4CA2-8D29-869A7498354D}.Release|Any CPU.ActiveCfg = Release|Any CPU
		{1F2ACC73-0815-4CA2-8D29-869A7498354D}.Release|Any CPU.Build.0 = Release|Any CPU
		{EFB9B7B0-3E7D-4FAA-B407-B9A900A94A83}.Debug|Any CPU.ActiveCfg = Debug|Any CPU
		{EFB9B7B0-3E7D-4FAA-B407-B9A900A94A83}.Debug|Any CPU.Build.0 = Debug|Any CPU
		{EFB9B7B0-3E7D-4FAA-B407-B9A900A94A83}.Release|Any CPU.ActiveCfg = Release|Any CPU
		{EFB9B7B0-3E7D-4FAA-B407-B9A900A94A83}.Release|Any CPU.Build.0 = Release|Any CPU
	EndGlobalSection
	GlobalSection(SolutionProperties) = preSolution
		HideSolutionNode = FALSE
	EndGlobalSection
	GlobalSection(ExtensibilityGlobals) = postSolution
		SolutionGuid = {CD02FE10-E50A-4307-B300-4F0E1FEAAC4E}
	EndGlobalSection
EndGlobal
